
Microsoft Visual Studio Solution File, Format Version 12.00
# Visual Studio 15
VisualStudioVersion = 15.0.27130.2027
MinimumVisualStudioVersion = 10.0.40219.1
Project("{FAE04EC0-301F-11D3-BF4B-00C04F79EFBC}") = "Wisielec.Android", "Wisielec\Wisielec.Android\Wisielec.Android.csproj", "{70B16096-DA93-4A4B-A9C5-1CCB8562BA01}"
EndProject
Project("{FAE04EC0-301F-11D3-BF4B-00C04F79EFBC}") = "Wisielec.iOS", "Wisielec\Wisielec.iOS\Wisielec.iOS.csproj", "{D9363B57-C92F-4804-AE90-D7116013158C}"
EndProject
Project("{FAE04EC0-301F-11D3-BF4B-00C04F79EFBC}") = "Wisielec.UWP", "Wisielec\Wisielec.UWP\Wisielec.UWP.csproj", "{8FF53B13-1CDF-4630-B381-3B7F3C1D0CFE}"
EndProject
Project("{FAE04EC0-301F-11D3-BF4B-00C04F79EFBC}") = "Wisielec", "Wisielec\Wisielec\Wisielec.csproj", "{41A2CDB0-8949-4077-AE2C-72589E679476}"
EndProject
Global
	GlobalSection(SolutionConfigurationPlatforms) = preSolution
		Ad-Hoc|Any CPU = Ad-Hoc|Any CPU
		Ad-Hoc|ARM = Ad-Hoc|ARM
		Ad-Hoc|iPhone = Ad-Hoc|iPhone
		Ad-Hoc|iPhoneSimulator = Ad-Hoc|iPhoneSimulator
		Ad-Hoc|x64 = Ad-Hoc|x64
		Ad-Hoc|x86 = Ad-Hoc|x86
		AppStore|Any CPU = AppStore|Any CPU
		AppStore|ARM = AppStore|ARM
		AppStore|iPhone = AppStore|iPhone
		AppStore|iPhoneSimulator = AppStore|iPhoneSimulator
		AppStore|x64 = AppStore|x64
		AppStore|x86 = AppStore|x86
		Debug|Any CPU = Debug|Any CPU
		Debug|ARM = Debug|ARM
		Debug|iPhone = Debug|iPhone
		Debug|iPhoneSimulator = Debug|iPhoneSimulator
		Debug|x64 = Debug|x64
		Debug|x86 = Debug|x86
		Release|Any CPU = Release|Any CPU
		Release|ARM = Release|ARM
		Release|iPhone = Release|iPhone
		Release|iPhoneSimulator = Release|iPhoneSimulator
		Release|x64 = Release|x64
		Release|x86 = Release|x86
	EndGlobalSection
	GlobalSection(ProjectConfigurationPlatforms) = postSolution
		{70B16096-DA93-4A4B-A9C5-1CCB8562BA01}.Ad-Hoc|Any CPU.ActiveCfg = Release|Any CPU
		{70B16096-DA93-4A4B-A9C5-1CCB8562BA01}.Ad-Hoc|Any CPU.Build.0 = Release|Any CPU
		{70B16096-DA93-4A4B-A9C5-1CCB8562BA01}.Ad-Hoc|Any CPU.Deploy.0 = Release|Any CPU
		{70B16096-DA93-4A4B-A9C5-1CCB8562BA01}.Ad-Hoc|ARM.ActiveCfg = Release|Any CPU
		{70B16096-DA93-4A4B-A9C5-1CCB8562BA01}.Ad-Hoc|ARM.Build.0 = Release|Any CPU
		{70B16096-DA93-4A4B-A9C5-1CCB8562BA01}.Ad-Hoc|ARM.Deploy.0 = Release|Any CPU
		{70B16096-DA93-4A4B-A9C5-1CCB8562BA01}.Ad-Hoc|iPhone.ActiveCfg = Release|Any CPU
		{70B16096-DA93-4A4B-A9C5-1CCB8562BA01}.Ad-Hoc|iPhone.Build.0 = Release|Any CPU
		{70B16096-DA93-4A4B-A9C5-1CCB8562BA01}.Ad-Hoc|iPhone.Deploy.0 = Release|Any CPU
		{70B16096-DA93-4A4B-A9C5-1CCB8562BA01}.Ad-Hoc|iPhoneSimulator.ActiveCfg = Release|Any CPU
		{70B16096-DA93-4A4B-A9C5-1CCB8562BA01}.Ad-Hoc|iPhoneSimulator.Build.0 = Release|Any CPU
		{70B16096-DA93-4A4B-A9C5-1CCB8562BA01}.Ad-Hoc|iPhoneSimulator.Deploy.0 = Release|Any CPU
		{70B16096-DA93-4A4B-A9C5-1CCB8562BA01}.Ad-Hoc|x64.ActiveCfg = Release|Any CPU
		{70B16096-DA93-4A4B-A9C5-1CCB8562BA01}.Ad-Hoc|x64.Build.0 = Release|Any CPU
		{70B16096-DA93-4A4B-A9C5-1CCB8562BA01}.Ad-Hoc|x64.Deploy.0 = Release|Any CPU
		{70B16096-DA93-4A4B-A9C5-1CCB8562BA01}.Ad-Hoc|x86.ActiveCfg = Release|Any CPU
		{70B16096-DA93-4A4B-A9C5-1CCB8562BA01}.Ad-Hoc|x86.Build.0 = Release|Any CPU
		{70B16096-DA93-4A4B-A9C5-1CCB8562BA01}.Ad-Hoc|x86.Deploy.0 = Release|Any CPU
		{70B16096-DA93-4A4B-A9C5-1CCB8562BA01}.AppStore|Any CPU.ActiveCfg = Release|Any CPU
		{70B16096-DA93-4A4B-A9C5-1CCB8562BA01}.AppStore|Any CPU.Build.0 = Release|Any CPU
		{70B16096-DA93-4A4B-A9C5-1CCB8562BA01}.AppStore|Any CPU.Deploy.0 = Release|Any CPU
		{70B16096-DA93-4A4B-A9C5-1CCB8562BA01}.AppStore|ARM.ActiveCfg = Release|Any CPU
		{70B16096-DA93-4A4B-A9C5-1CCB8562BA01}.AppStore|ARM.Build.0 = Release|Any CPU
		{70B16096-DA93-4A4B-A9C5-1CCB8562BA01}.AppStore|ARM.Deploy.0 = Release|Any CPU
		{70B16096-DA93-4A4B-A9C5-1CCB8562BA01}.AppStore|iPhone.ActiveCfg = Release|Any CPU
		{70B16096-DA93-4A4B-A9C5-1CCB8562BA01}.AppStore|iPhone.Build.0 = Release|Any CPU
		{70B16096-DA93-4A4B-A9C5-1CCB8562BA01}.AppStore|iPhone.Deploy.0 = Release|Any CPU
		{70B16096-DA93-4A4B-A9C5-1CCB8562BA01}.AppStore|iPhoneSimulator.ActiveCfg = Release|Any CPU
		{70B16096-DA93-4A4B-A9C5-1CCB8562BA01}.AppStore|iPhoneSimulator.Build.0 = Release|Any CPU
		{70B16096-DA93-4A4B-A9C5-1CCB8562BA01}.AppStore|iPhoneSimulator.Deploy.0 = Release|Any CPU
		{70B16096-DA93-4A4B-A9C5-1CCB8562BA01}.AppStore|x64.ActiveCfg = Release|Any CPU
		{70B16096-DA93-4A4B-A9C5-1CCB8562BA01}.AppStore|x64.Build.0 = Release|Any CPU
		{70B16096-DA93-4A4B-A9C5-1CCB8562BA01}.AppStore|x64.Deploy.0 = Release|Any CPU
		{70B16096-DA93-4A4B-A9C5-1CCB8562BA01}.AppStore|x86.ActiveCfg = Release|Any CPU
		{70B16096-DA93-4A4B-A9C5-1CCB8562BA01}.AppStore|x86.Build.0 = Release|Any CPU
		{70B16096-DA93-4A4B-A9C5-1CCB8562BA01}.AppStore|x86.Deploy.0 = Release|Any CPU
		{70B16096-DA93-4A4B-A9C5-1CCB8562BA01}.Debug|Any CPU.ActiveCfg = Debug|Any CPU
		{70B16096-DA93-4A4B-A9C5-1CCB8562BA01}.Debug|Any CPU.Build.0 = Debug|Any CPU
		{70B16096-DA93-4A4B-A9C5-1CCB8562BA01}.Debug|Any CPU.Deploy.0 = Debug|Any CPU
		{70B16096-DA93-4A4B-A9C5-1CCB8562BA01}.Debug|ARM.ActiveCfg = Debug|Any CPU
		{70B16096-DA93-4A4B-A9C5-1CCB8562BA01}.Debug|ARM.Build.0 = Debug|Any CPU
		{70B16096-DA93-4A4B-A9C5-1CCB8562BA01}.Debug|ARM.Deploy.0 = Debug|Any CPU
		{70B16096-DA93-4A4B-A9C5-1CCB8562BA01}.Debug|iPhone.ActiveCfg = Debug|Any CPU
		{70B16096-DA93-4A4B-A9C5-1CCB8562BA01}.Debug|iPhone.Build.0 = Debug|Any CPU
		{70B16096-DA93-4A4B-A9C5-1CCB8562BA01}.Debug|iPhone.Deploy.0 = Debug|Any CPU
		{70B16096-DA93-4A4B-A9C5-1CCB8562BA01}.Debug|iPhoneSimulator.ActiveCfg = Debug|Any CPU
		{70B16096-DA93-4A4B-A9C5-1CCB8562BA01}.Debug|iPhoneSimulator.Build.0 = Debug|Any CPU
		{70B16096-DA93-4A4B-A9C5-1CCB8562BA01}.Debug|iPhoneSimulator.Deploy.0 = Debug|Any CPU
		{70B16096-DA93-4A4B-A9C5-1CCB8562BA01}.Debug|x64.ActiveCfg = Debug|Any CPU
		{70B16096-DA93-4A4B-A9C5-1CCB8562BA01}.Debug|x64.Build.0 = Debug|Any CPU
		{70B16096-DA93-4A4B-A9C5-1CCB8562BA01}.Debug|x64.Deploy.0 = Debug|Any CPU
		{70B16096-DA93-4A4B-A9C5-1CCB8562BA01}.Debug|x86.ActiveCfg = Debug|Any CPU
		{70B16096-DA93-4A4B-A9C5-1CCB8562BA01}.Debug|x86.Build.0 = Debug|Any CPU
		{70B16096-DA93-4A4B-A9C5-1CCB8562BA01}.Debug|x86.Deploy.0 = Debug|Any CPU
		{70B16096-DA93-4A4B-A9C5-1CCB8562BA01}.Release|Any CPU.ActiveCfg = Release|Any CPU
		{70B16096-DA93-4A4B-A9C5-1CCB8562BA01}.Release|Any CPU.Build.0 = Release|Any CPU
		{70B16096-DA93-4A4B-A9C5-1CCB8562BA01}.Release|Any CPU.Deploy.0 = Release|Any CPU
		{70B16096-DA93-4A4B-A9C5-1CCB8562BA01}.Release|ARM.ActiveCfg = Release|Any CPU
		{70B16096-DA93-4A4B-A9C5-1CCB8562BA01}.Release|ARM.Build.0 = Release|Any CPU
		{70B16096-DA93-4A4B-A9C5-1CCB8562BA01}.Release|ARM.Deploy.0 = Release|Any CPU
		{70B16096-DA93-4A4B-A9C5-1CCB8562BA01}.Release|iPhone.ActiveCfg = Release|Any CPU
		{70B16096-DA93-4A4B-A9C5-1CCB8562BA01}.Release|iPhone.Build.0 = Release|Any CPU
		{70B16096-DA93-4A4B-A9C5-1CCB8562BA01}.Release|iPhone.Deploy.0 = Release|Any CPU
		{70B16096-DA93-4A4B-A9C5-1CCB8562BA01}.Release|iPhoneSimulator.ActiveCfg = Release|Any CPU
		{70B16096-DA93-4A4B-A9C5-1CCB8562BA01}.Release|iPhoneSimulator.Build.0 = Release|Any CPU
		{70B16096-DA93-4A4B-A9C5-1CCB8562BA01}.Release|iPhoneSimulator.Deploy.0 = Release|Any CPU
		{70B16096-DA93-4A4B-A9C5-1CCB8562BA01}.Release|x64.ActiveCfg = Release|Any CPU
		{70B16096-DA93-4A4B-A9C5-1CCB8562BA01}.Release|x64.Build.0 = Release|Any CPU
		{70B16096-DA93-4A4B-A9C5-1CCB8562BA01}.Release|x64.Deploy.0 = Release|Any CPU
		{70B16096-DA93-4A4B-A9C5-1CCB8562BA01}.Release|x86.ActiveCfg = Release|Any CPU
		{70B16096-DA93-4A4B-A9C5-1CCB8562BA01}.Release|x86.Build.0 = Release|Any CPU
		{70B16096-DA93-4A4B-A9C5-1CCB8562BA01}.Release|x86.Deploy.0 = Release|Any CPU
		{D9363B57-C92F-4804-AE90-D7116013158C}.Ad-Hoc|Any CPU.ActiveCfg = Ad-Hoc|iPhone
		{D9363B57-C92F-4804-AE90-D7116013158C}.Ad-Hoc|ARM.ActiveCfg = Ad-Hoc|iPhone
		{D9363B57-C92F-4804-AE90-D7116013158C}.Ad-Hoc|iPhone.ActiveCfg = Ad-Hoc|iPhone
		{D9363B57-C92F-4804-AE90-D7116013158C}.Ad-Hoc|iPhone.Build.0 = Ad-Hoc|iPhone
		{D9363B57-C92F-4804-AE90-D7116013158C}.Ad-Hoc|iPhoneSimulator.ActiveCfg = Ad-Hoc|iPhoneSimulator
		{D9363B57-C92F-4804-AE90-D7116013158C}.Ad-Hoc|iPhoneSimulator.Build.0 = Ad-Hoc|iPhoneSimulator
		{D9363B57-C92F-4804-AE90-D7116013158C}.Ad-Hoc|x64.ActiveCfg = Ad-Hoc|iPhone
		{D9363B57-C92F-4804-AE90-D7116013158C}.Ad-Hoc|x86.ActiveCfg = Ad-Hoc|iPhone
		{D9363B57-C92F-4804-AE90-D7116013158C}.AppStore|Any CPU.ActiveCfg = AppStore|iPhone
		{D9363B57-C92F-4804-AE90-D7116013158C}.AppStore|ARM.ActiveCfg = AppStore|iPhone
		{D9363B57-C92F-4804-AE90-D7116013158C}.AppStore|iPhone.ActiveCfg = AppStore|iPhone
		{D9363B57-C92F-4804-AE90-D7116013158C}.AppStore|iPhone.Build.0 = AppStore|iPhone
		{D9363B57-C92F-4804-AE90-D7116013158C}.AppStore|iPhoneSimulator.ActiveCfg = AppStore|iPhoneSimulator
		{D9363B57-C92F-4804-AE90-D7116013158C}.AppStore|iPhoneSimulator.Build.0 = AppStore|iPhoneSimulator
		{D9363B57-C92F-4804-AE90-D7116013158C}.AppStore|x64.ActiveCfg = AppStore|iPhone
		{D9363B57-C92F-4804-AE90-D7116013158C}.AppStore|x86.ActiveCfg = AppStore|iPhone
		{D9363B57-C92F-4804-AE90-D7116013158C}.Debug|Any CPU.ActiveCfg = Debug|iPhone
		{D9363B57-C92F-4804-AE90-D7116013158C}.Debug|ARM.ActiveCfg = Debug|iPhone
		{D9363B57-C92F-4804-AE90-D7116013158C}.Debug|iPhone.ActiveCfg = Debug|iPhone
		{D9363B57-C92F-4804-AE90-D7116013158C}.Debug|iPhone.Build.0 = Debug|iPhone
		{D9363B57-C92F-4804-AE90-D7116013158C}.Debug|iPhoneSimulator.ActiveCfg = Debug|iPhoneSimulator
		{D9363B57-C92F-4804-AE90-D7116013158C}.Debug|iPhoneSimulator.Build.0 = Debug|iPhoneSimulator
		{D9363B57-C92F-4804-AE90-D7116013158C}.Debug|x64.ActiveCfg = Debug|iPhone
		{D9363B57-C92F-4804-AE90-D7116013158C}.Debug|x86.ActiveCfg = Debug|iPhone
		{D9363B57-C92F-4804-AE90-D7116013158C}.Release|Any CPU.ActiveCfg = Release|iPhone
		{D9363B57-C92F-4804-AE90-D7116013158C}.Release|ARM.ActiveCfg = Release|iPhone
		{D9363B57-C92F-4804-AE90-D7116013158C}.Release|iPhone.ActiveCfg = Release|iPhone
		{D9363B57-C92F-4804-AE90-D7116013158C}.Release|iPhone.Build.0 = Release|iPhone
		{D9363B57-C92F-4804-AE90-D7116013158C}.Release|iPhoneSimulator.ActiveCfg = Release|iPhoneSimulator
		{D9363B57-C92F-4804-AE90-D7116013158C}.Release|iPhoneSimulator.Build.0 = Release|iPhoneSimulator
		{D9363B57-C92F-4804-AE90-D7116013158C}.Release|x64.ActiveCfg = Release|iPhone
		{D9363B57-C92F-4804-AE90-D7116013158C}.Release|x86.ActiveCfg = Release|iPhone
		{8FF53B13-1CDF-4630-B381-3B7F3C1D0CFE}.Ad-Hoc|Any CPU.ActiveCfg = Release|x86
		{8FF53B13-1CDF-4630-B381-3B7F3C1D0CFE}.Ad-Hoc|Any CPU.Build.0 = Release|x86
		{8FF53B13-1CDF-4630-B381-3B7F3C1D0CFE}.Ad-Hoc|Any CPU.Deploy.0 = Release|x86
		{8FF53B13-1CDF-4630-B381-3B7F3C1D0CFE}.Ad-Hoc|ARM.ActiveCfg = Release|ARM
		{8FF53B13-1CDF-4630-B381-3B7F3C1D0CFE}.Ad-Hoc|ARM.Build.0 = Release|ARM
		{8FF53B13-1CDF-4630-B381-3B7F3C1D0CFE}.Ad-Hoc|ARM.Deploy.0 = Release|ARM
		{8FF53B13-1CDF-4630-B381-3B7F3C1D0CFE}.Ad-Hoc|iPhone.ActiveCfg = Release|x86
		{8FF53B13-1CDF-4630-B381-3B7F3C1D0CFE}.Ad-Hoc|iPhone.Build.0 = Release|x86
		{8FF53B13-1CDF-4630-B381-3B7F3C1D0CFE}.Ad-Hoc|iPhone.Deploy.0 = Release|x86
		{8FF53B13-1CDF-4630-B381-3B7F3C1D0CFE}.Ad-Hoc|iPhoneSimulator.ActiveCfg = Release|x86
		{8FF53B13-1CDF-4630-B381-3B7F3C1D0CFE}.Ad-Hoc|iPhoneSimulator.Build.0 = Release|x86
		{8FF53B13-1CDF-4630-B381-3B7F3C1D0CFE}.Ad-Hoc|iPhoneSimulator.Deploy.0 = Release|x86
		{8FF53B13-1CDF-4630-B381-3B7F3C1D0CFE}.Ad-Hoc|x64.ActiveCfg = Release|x64
		{8FF53B13-1CDF-4630-B381-3B7F3C1D0CFE}.Ad-Hoc|x64.Build.0 = Release|x64
		{8FF53B13-1CDF-4630-B381-3B7F3C1D0CFE}.Ad-Hoc|x64.Deploy.0 = Release|x64
		{8FF53B13-1CDF-4630-B381-3B7F3C1D0CFE}.Ad-Hoc|x86.ActiveCfg = Release|x86
		{8FF53B13-1CDF-4630-B381-3B7F3C1D0CFE}.Ad-Hoc|x86.Build.0 = Release|x86
		{8FF53B13-1CDF-4630-B381-3B7F3C1D0CFE}.Ad-Hoc|x86.Deploy.0 = Release|x86
		{8FF53B13-1CDF-4630-B381-3B7F3C1D0CFE}.AppStore|Any CPU.ActiveCfg = Release|x86
		{8FF53B13-1CDF-4630-B381-3B7F3C1D0CFE}.AppStore|Any CPU.Build.0 = Release|x86
		{8FF53B13-1CDF-4630-B381-3B7F3C1D0CFE}.AppStore|Any CPU.Deploy.0 = Release|x86
		{8FF53B13-1CDF-4630-B381-3B7F3C1D0CFE}.AppStore|ARM.ActiveCfg = Release|ARM
		{8FF53B13-1CDF-4630-B381-3B7F3C1D0CFE}.AppStore|ARM.Build.0 = Release|ARM
		{8FF53B13-1CDF-4630-B381-3B7F3C1D0CFE}.AppStore|ARM.Deploy.0 = Release|ARM
		{8FF53B13-1CDF-4630-B381-3B7F3C1D0CFE}.AppStore|iPhone.ActiveCfg = Release|x86
		{8FF53B13-1CDF-4630-B381-3B7F3C1D0CFE}.AppStore|iPhone.Build.0 = Release|x86
		{8FF53B13-1CDF-4630-B381-3B7F3C1D0CFE}.AppStore|iPhone.Deploy.0 = Release|x86
		{8FF53B13-1CDF-4630-B381-3B7F3C1D0CFE}.AppStore|iPhoneSimulator.ActiveCfg = Release|x86
		{8FF53B13-1CDF-4630-B381-3B7F3C1D0CFE}.AppStore|iPhoneSimulator.Build.0 = Release|x86
		{8FF53B13-1CDF-4630-B381-3B7F3C1D0CFE}.AppStore|iPhoneSimulator.Deploy.0 = Release|x86
		{8FF53B13-1CDF-4630-B381-3B7F3C1D0CFE}.AppStore|x64.ActiveCfg = Release|x64
		{8FF53B13-1CDF-4630-B381-3B7F3C1D0CFE}.AppStore|x64.Build.0 = Release|x64
		{8FF53B13-1CDF-4630-B381-3B7F3C1D0CFE}.AppStore|x64.Deploy.0 = Release|x64
		{8FF53B13-1CDF-4630-B381-3B7F3C1D0CFE}.AppStore|x86.ActiveCfg = Release|x86
		{8FF53B13-1CDF-4630-B381-3B7F3C1D0CFE}.AppStore|x86.Build.0 = Release|x86
		{8FF53B13-1CDF-4630-B381-3B7F3C1D0CFE}.AppStore|x86.Deploy.0 = Release|x86
		{8FF53B13-1CDF-4630-B381-3B7F3C1D0CFE}.Debug|Any CPU.ActiveCfg = Debug|x86
		{8FF53B13-1CDF-4630-B381-3B7F3C1D0CFE}.Debug|ARM.ActiveCfg = Debug|ARM
		{8FF53B13-1CDF-4630-B381-3B7F3C1D0CFE}.Debug|ARM.Build.0 = Debug|ARM
		{8FF53B13-1CDF-4630-B381-3B7F3C1D0CFE}.Debug|ARM.Deploy.0 = Debug|ARM
		{8FF53B13-1CDF-4630-B381-3B7F3C1D0CFE}.Debug|iPhone.ActiveCfg = Debug|x86
		{8FF53B13-1CDF-4630-B381-3B7F3C1D0CFE}.Debug|iPhoneSimulator.ActiveCfg = Debug|x86
		{8FF53B13-1CDF-4630-B381-3B7F3C1D0CFE}.Debug|x64.ActiveCfg = Debug|x64
		{8FF53B13-1CDF-4630-B381-3B7F3C1D0CFE}.Debug|x64.Build.0 = Debug|x64
		{8FF53B13-1CDF-4630-B381-3B7F3C1D0CFE}.Debug|x64.Deploy.0 = Debug|x64
		{8FF53B13-1CDF-4630-B381-3B7F3C1D0CFE}.Debug|x86.ActiveCfg = Debug|x86
		{8FF53B13-1CDF-4630-B381-3B7F3C1D0CFE}.Debug|x86.Build.0 = Debug|x86
		{8FF53B13-1CDF-4630-B381-3B7F3C1D0CFE}.Debug|x86.Deploy.0 = Debug|x86
		{8FF53B13-1CDF-4630-B381-3B7F3C1D0CFE}.Release|Any CPU.ActiveCfg = Release|x86
		{8FF53B13-1CDF-4630-B381-3B7F3C1D0CFE}.Release|ARM.ActiveCfg = Release|ARM
		{8FF53B13-1CDF-4630-B381-3B7F3C1D0CFE}.Release|ARM.Build.0 = Release|ARM
		{8FF53B13-1CDF-4630-B381-3B7F3C1D0CFE}.Release|ARM.Deploy.0 = Release|ARM
		{8FF53B13-1CDF-4630-B381-3B7F3C1D0CFE}.Release|iPhone.ActiveCfg = Release|x86
		{8FF53B13-1CDF-4630-B381-3B7F3C1D0CFE}.Release|iPhoneSimulator.ActiveCfg = Release|x86
		{8FF53B13-1CDF-4630-B381-3B7F3C1D0CFE}.Release|x64.ActiveCfg = Release|x64
		{8FF53B13-1CDF-4630-B381-3B7F3C1D0CFE}.Release|x64.Build.0 = Release|x64
		{8FF53B13-1CDF-4630-B381-3B7F3C1D0CFE}.Release|x64.Deploy.0 = Release|x64
		{8FF53B13-1CDF-4630-B381-3B7F3C1D0CFE}.Release|x86.ActiveCfg = Release|x86
		{8FF53B13-1CDF-4630-B381-3B7F3C1D0CFE}.Release|x86.Build.0 = Release|x86
		{8FF53B13-1CDF-4630-B381-3B7F3C1D0CFE}.Release|x86.Deploy.0 = Release|x86
		{41A2CDB0-8949-4077-AE2C-72589E679476}.Ad-Hoc|Any CPU.ActiveCfg = Debug|Any CPU
		{41A2CDB0-8949-4077-AE2C-72589E679476}.Ad-Hoc|Any CPU.Build.0 = Debug|Any CPU
		{41A2CDB0-8949-4077-AE2C-72589E679476}.Ad-Hoc|ARM.ActiveCfg = Debug|Any CPU
		{41A2CDB0-8949-4077-AE2C-72589E679476}.Ad-Hoc|ARM.Build.0 = Debug|Any CPU
		{41A2CDB0-8949-4077-AE2C-72589E679476}.Ad-Hoc|iPhone.ActiveCfg = Debug|Any CPU
		{41A2CDB0-8949-4077-AE2C-72589E679476}.Ad-Hoc|iPhone.Build.0 = Debug|Any CPU
		{41A2CDB0-8949-4077-AE2C-72589E679476}.Ad-Hoc|iPhoneSimulator.ActiveCfg = Debug|Any CPU
		{41A2CDB0-8949-4077-AE2C-72589E679476}.Ad-Hoc|iPhoneSimulator.Build.0 = Debug|Any CPU
		{41A2CDB0-8949-4077-AE2C-72589E679476}.Ad-Hoc|x64.ActiveCfg = Debug|Any CPU
		{41A2CDB0-8949-4077-AE2C-72589E679476}.Ad-Hoc|x64.Build.0 = Debug|Any CPU
		{41A2CDB0-8949-4077-AE2C-72589E679476}.Ad-Hoc|x86.ActiveCfg = Debug|Any CPU
		{41A2CDB0-8949-4077-AE2C-72589E679476}.Ad-Hoc|x86.Build.0 = Debug|Any CPU
		{41A2CDB0-8949-4077-AE2C-72589E679476}.AppStore|Any CPU.ActiveCfg = Debug|Any CPU
		{41A2CDB0-8949-4077-AE2C-72589E679476}.AppStore|Any CPU.Build.0 = Debug|Any CPU
		{41A2CDB0-8949-4077-AE2C-72589E679476}.AppStore|ARM.ActiveCfg = Debug|Any CPU
		{41A2CDB0-8949-4077-AE2C-72589E679476}.AppStore|ARM.Build.0 = Debug|Any CPU
		{41A2CDB0-8949-4077-AE2C-72589E679476}.AppStore|iPhone.ActiveCfg = Debug|Any CPU
		{41A2CDB0-8949-4077-AE2C-72589E679476}.AppStore|iPhone.Build.0 = Debug|Any CPU
		{41A2CDB0-8949-4077-AE2C-72589E679476}.AppStore|iPhoneSimulator.ActiveCfg = Debug|Any CPU
		{41A2CDB0-8949-4077-AE2C-72589E679476}.AppStore|iPhoneSimulator.Build.0 = Debug|Any CPU
		{41A2CDB0-8949-4077-AE2C-72589E679476}.AppStore|x64.ActiveCfg = Debug|Any CPU
		{41A2CDB0-8949-4077-AE2C-72589E679476}.AppStore|x64.Build.0 = Debug|Any CPU
		{41A2CDB0-8949-4077-AE2C-72589E679476}.AppStore|x86.ActiveCfg = Debug|Any CPU
		{41A2CDB0-8949-4077-AE2C-72589E679476}.AppStore|x86.Build.0 = Debug|Any CPU
		{41A2CDB0-8949-4077-AE2C-72589E679476}.Debug|Any CPU.ActiveCfg = Debug|Any CPU
		{41A2CDB0-8949-4077-AE2C-72589E679476}.Debug|Any CPU.Build.0 = Debug|Any CPU
		{41A2CDB0-8949-4077-AE2C-72589E679476}.Debug|ARM.ActiveCfg = Debug|Any CPU
		{41A2CDB0-8949-4077-AE2C-72589E679476}.Debug|ARM.Build.0 = Debug|Any CPU
		{41A2CDB0-8949-4077-AE2C-72589E679476}.Debug|iPhone.ActiveCfg = Debug|Any CPU
		{41A2CDB0-8949-4077-AE2C-72589E679476}.Debug|iPhone.Build.0 = Debug|Any CPU
		{41A2CDB0-8949-4077-AE2C-72589E679476}.Debug|iPhoneSimulator.ActiveCfg = Debug|Any CPU
		{41A2CDB0-8949-4077-AE2C-72589E679476}.Debug|iPhoneSimulator.Build.0 = Debug|Any CPU
		{41A2CDB0-8949-4077-AE2C-72589E679476}.Debug|x64.ActiveCfg = Debug|Any CPU
		{41A2CDB0-8949-4077-AE2C-72589E679476}.Debug|x64.Build.0 = Debug|Any CPU
		{41A2CDB0-8949-4077-AE2C-72589E679476}.Debug|x86.ActiveCfg = Debug|Any CPU
		{41A2CDB0-8949-4077-AE2C-72589E679476}.Debug|x86.Build.0 = Debug|Any CPU
		{41A2CDB0-8949-4077-AE2C-72589E679476}.Release|Any CPU.ActiveCfg = Release|Any CPU
		{41A2CDB0-8949-4077-AE2C-72589E679476}.Release|Any CPU.Build.0 = Release|Any CPU
		{41A2CDB0-8949-4077-AE2C-72589E679476}.Release|ARM.ActiveCfg = Release|Any CPU
		{41A2CDB0-8949-4077-AE2C-72589E679476}.Release|ARM.Build.0 = Release|Any CPU
		{41A2CDB0-8949-4077-AE2C-72589E679476}.Release|iPhone.ActiveCfg = Release|Any CPU
		{41A2CDB0-8949-4077-AE2C-72589E679476}.Release|iPhone.Build.0 = Release|Any CPU
		{41A2CDB0-8949-4077-AE2C-72589E679476}.Release|iPhoneSimulator.ActiveCfg = Release|Any CPU
		{41A2CDB0-8949-4077-AE2C-72589E679476}.Release|iPhoneSimulator.Build.0 = Release|Any CPU
		{41A2CDB0-8949-4077-AE2C-72589E679476}.Release|x64.ActiveCfg = Release|Any CPU
		{41A2CDB0-8949-4077-AE2C-72589E679476}.Release|x64.Build.0 = Release|Any CPU
		{41A2CDB0-8949-4077-AE2C-72589E679476}.Release|x86.ActiveCfg = Release|Any CPU
		{41A2CDB0-8949-4077-AE2C-72589E679476}.Release|x86.Build.0 = Release|Any CPU
	EndGlobalSection
	GlobalSection(SolutionProperties) = preSolution
		HideSolutionNode = FALSE
	EndGlobalSection
	GlobalSection(ExtensibilityGlobals) = postSolution
		SolutionGuid = {5DE4AF50-54C2-499F-AC56-FC730A568AAD}
	EndGlobalSection
EndGlobal
